
Microsoft Visual Studio Solution File, Format Version 12.00
# Visual Studio Version 16
VisualStudioVersion = 16.0.30114.105
MinimumVisualStudioVersion = 10.0.40219.1
Project("{2150E333-8FDC-42A3-9474-1A3956D46DE8}") = "src", "src", "{4A0B1259-BE04-4463-900A-45CCE5C924B6}"
EndProject
Project("{2150E333-8FDC-42A3-9474-1A3956D46DE8}") = "Producer", "Producer", "{354EB942-9D44-4482-BCF7-0D7DB57BA5DA}"
EndProject
Project("{2150E333-8FDC-42A3-9474-1A3956D46DE8}") = "1.Host", "1.Host", "{C4D3DE5F-74A1-4B08-9FF2-E1E6EE7FA3A1}"
EndProject
Project("{FAE04EC0-301F-11D3-BF4B-00C04F79EFBC}") = "DuckSales.Hosts.ProductWorker", "src\Producer\1.Host\DuckSales.Hosts.ProductWorker\DuckSales.Hosts.ProductWorker.csproj", "{47EDCDB1-DBC9-4A00-80E3-24BF4AF4F24B}"
EndProject
Project("{2150E333-8FDC-42A3-9474-1A3956D46DE8}") = "2.Domain", "2.Domain", "{A6A436EC-68CF-4679-AECA-0B3541710280}"
EndProject
Project("{FAE04EC0-301F-11D3-BF4B-00C04F79EFBC}") = "DuckSales.Domains.Products", "src\Producer\2.Domain\DuckSales.Domains.Products\DuckSales.Domains.Products.csproj", "{D1C3437E-A6D4-48B2-B994-F3DAF4856C8B}"
EndProject
Project("{2150E333-8FDC-42A3-9474-1A3956D46DE8}") = "3.Infra", "3.Infra", "{C04A13D7-B71E-4847-B79A-9E8CF9CCBBB5}"
EndProject
Project("{FAE04EC0-301F-11D3-BF4B-00C04F79EFBC}") = "DuckSales.Infra.ProductsDataBase", "src\Producer\3.Infra\DuckSales.Infra.ProductsDataBase\DuckSales.Infra.ProductsDataBase.csproj", "{2F0A77CC-E86A-4678-AADF-4C0EC714C8C2}"
EndProject
Project("{2150E333-8FDC-42A3-9474-1A3956D46DE8}") = "tests", "tests", "{01817B36-FF5B-48C6-B57E-55E50FF8C16C}"
EndProject
Project("{2150E333-8FDC-42A3-9474-1A3956D46DE8}") = "ProducerTests", "ProducerTests", "{68337294-05E4-4872-B643-4364537FB85B}"
EndProject
Project("{2150E333-8FDC-42A3-9474-1A3956D46DE8}") = "1.Host", "1.Host", "{C8B53A6F-CB5A-4A38-8453-57DC9A763378}"
EndProject
Project("{FAE04EC0-301F-11D3-BF4B-00C04F79EFBC}") = "DuckSales.Hosts.ProductWorkerTests", "tests\ProducerTests\1.Host\DuckSales.Hosts.ProductWorkerTests\DuckSales.Hosts.ProductWorkerTests.csproj", "{2EBF55CA-93F0-4925-95AF-2451FAE6C1BD}"
EndProject
Project("{2150E333-8FDC-42A3-9474-1A3956D46DE8}") = "2.Domain", "2.Domain", "{EF1D67B4-BF2D-4ABF-98EA-AF00B9AB844D}"
EndProject
Project("{FAE04EC0-301F-11D3-BF4B-00C04F79EFBC}") = "DuckSales.Domains.ProductsTests", "tests\ProducerTests\2.Domain\DuckSales.Domains.ProductsTests\DuckSales.Domains.ProductsTests.csproj", "{51BA060D-1169-4CBB-8147-CB4CCE075239}"
EndProject
Project("{2150E333-8FDC-42A3-9474-1A3956D46DE8}") = "3.Infra", "3.Infra", "{4DBB7F6F-E446-4EEA-849A-F6A9E03FAEC4}"
EndProject
Project("{FAE04EC0-301F-11D3-BF4B-00C04F79EFBC}") = "DuckSales.Infra.ProductsDataBaseTests", "tests\ProducerTests\3.Infra\DuckSales.Infra.ProductsDataBaseTests\DuckSales.Infra.ProductsDataBaseTests.csproj", "{9C92F9BF-1B17-431B-B7DE-19891E9EF498}"
EndProject
Global
	GlobalSection(SolutionConfigurationPlatforms) = preSolution
		Debug|Any CPU = Debug|Any CPU
		Release|Any CPU = Release|Any CPU
	EndGlobalSection
	GlobalSection(SolutionProperties) = preSolution
		HideSolutionNode = FALSE
	EndGlobalSection
	GlobalSection(ProjectConfigurationPlatforms) = postSolution
		{47EDCDB1-DBC9-4A00-80E3-24BF4AF4F24B}.Debug|Any CPU.ActiveCfg = Debug|Any CPU
		{47EDCDB1-DBC9-4A00-80E3-24BF4AF4F24B}.Debug|Any CPU.Build.0 = Debug|Any CPU
		{47EDCDB1-DBC9-4A00-80E3-24BF4AF4F24B}.Release|Any CPU.ActiveCfg = Release|Any CPU
		{47EDCDB1-DBC9-4A00-80E3-24BF4AF4F24B}.Release|Any CPU.Build.0 = Release|Any CPU
		{D1C3437E-A6D4-48B2-B994-F3DAF4856C8B}.Debug|Any CPU.ActiveCfg = Debug|Any CPU
		{D1C3437E-A6D4-48B2-B994-F3DAF4856C8B}.Debug|Any CPU.Build.0 = Debug|Any CPU
		{D1C3437E-A6D4-48B2-B994-F3DAF4856C8B}.Release|Any CPU.ActiveCfg = Release|Any CPU
		{D1C3437E-A6D4-48B2-B994-F3DAF4856C8B}.Release|Any CPU.Build.0 = Release|Any CPU
		{2F0A77CC-E86A-4678-AADF-4C0EC714C8C2}.Debug|Any CPU.ActiveCfg = Debug|Any CPU
		{2F0A77CC-E86A-4678-AADF-4C0EC714C8C2}.Debug|Any CPU.Build.0 = Debug|Any CPU
		{2F0A77CC-E86A-4678-AADF-4C0EC714C8C2}.Release|Any CPU.ActiveCfg = Release|Any CPU
		{2F0A77CC-E86A-4678-AADF-4C0EC714C8C2}.Release|Any CPU.Build.0 = Release|Any CPU
		{2EBF55CA-93F0-4925-95AF-2451FAE6C1BD}.Debug|Any CPU.ActiveCfg = Debug|Any CPU
		{2EBF55CA-93F0-4925-95AF-2451FAE6C1BD}.Debug|Any CPU.Build.0 = Debug|Any CPU
		{2EBF55CA-93F0-4925-95AF-2451FAE6C1BD}.Release|Any CPU.ActiveCfg = Release|Any CPU
		{2EBF55CA-93F0-4925-95AF-2451FAE6C1BD}.Release|Any CPU.Build.0 = Release|Any CPU
		{51BA060D-1169-4CBB-8147-CB4CCE075239}.Debug|Any CPU.ActiveCfg = Debug|Any CPU
		{51BA060D-1169-4CBB-8147-CB4CCE075239}.Debug|Any CPU.Build.0 = Debug|Any CPU
		{51BA060D-1169-4CBB-8147-CB4CCE075239}.Release|Any CPU.ActiveCfg = Release|Any CPU
		{51BA060D-1169-4CBB-8147-CB4CCE075239}.Release|Any CPU.Build.0 = Release|Any CPU
		{9C92F9BF-1B17-431B-B7DE-19891E9EF498}.Debug|Any CPU.ActiveCfg = Debug|Any CPU
		{9C92F9BF-1B17-431B-B7DE-19891E9EF498}.Debug|Any CPU.Build.0 = Debug|Any CPU
		{9C92F9BF-1B17-431B-B7DE-19891E9EF498}.Release|Any CPU.ActiveCfg = Release|Any CPU
		{9C92F9BF-1B17-431B-B7DE-19891E9EF498}.Release|Any CPU.Build.0 = Release|Any CPU
	EndGlobalSection
	GlobalSection(NestedProjects) = preSolution
		{354EB942-9D44-4482-BCF7-0D7DB57BA5DA} = {4A0B1259-BE04-4463-900A-45CCE5C924B6}
		{C4D3DE5F-74A1-4B08-9FF2-E1E6EE7FA3A1} = {354EB942-9D44-4482-BCF7-0D7DB57BA5DA}
		{47EDCDB1-DBC9-4A00-80E3-24BF4AF4F24B} = {C4D3DE5F-74A1-4B08-9FF2-E1E6EE7FA3A1}
		{A6A436EC-68CF-4679-AECA-0B3541710280} = {354EB942-9D44-4482-BCF7-0D7DB57BA5DA}
		{D1C3437E-A6D4-48B2-B994-F3DAF4856C8B} = {A6A436EC-68CF-4679-AECA-0B3541710280}
		{C04A13D7-B71E-4847-B79A-9E8CF9CCBBB5} = {354EB942-9D44-4482-BCF7-0D7DB57BA5DA}
		{2F0A77CC-E86A-4678-AADF-4C0EC714C8C2} = {C04A13D7-B71E-4847-B79A-9E8CF9CCBBB5}
		{68337294-05E4-4872-B643-4364537FB85B} = {01817B36-FF5B-48C6-B57E-55E50FF8C16C}
		{C8B53A6F-CB5A-4A38-8453-57DC9A763378} = {68337294-05E4-4872-B643-4364537FB85B}
		{2EBF55CA-93F0-4925-95AF-2451FAE6C1BD} = {C8B53A6F-CB5A-4A38-8453-57DC9A763378}
		{EF1D67B4-BF2D-4ABF-98EA-AF00B9AB844D} = {68337294-05E4-4872-B643-4364537FB85B}
		{51BA060D-1169-4CBB-8147-CB4CCE075239} = {EF1D67B4-BF2D-4ABF-98EA-AF00B9AB844D}
		{4DBB7F6F-E446-4EEA-849A-F6A9E03FAEC4} = {68337294-05E4-4872-B643-4364537FB85B}
		{9C92F9BF-1B17-431B-B7DE-19891E9EF498} = {4DBB7F6F-E446-4EEA-849A-F6A9E03FAEC4}
	EndGlobalSection
EndGlobal
