
Microsoft Visual Studio Solution File, Format Version 12.00
# Visual Studio Version 16
VisualStudioVersion = 16.0.30114.105
MinimumVisualStudioVersion = 10.0.40219.1
Project("{2150E333-8FDC-42A3-9474-1A3956D46DE8}") = "src", "src", "{C7900CCE-5278-460C-8E6B-5619AD29975C}"
EndProject
Project("{2150E333-8FDC-42A3-9474-1A3956D46DE8}") = "ProductServices", "ProductServices", "{D75AC7ED-DEBF-4D71-AF18-A1D43305BBBB}"
EndProject
Project("{2150E333-8FDC-42A3-9474-1A3956D46DE8}") = "1.Host", "1.Host", "{2D131445-0E3C-48D5-9709-D8DF37CD66DA}"
EndProject
Project("{FAE04EC0-301F-11D3-BF4B-00C04F79EFBC}") = "DuckSales.Hosts.ProductWorker", "src\ProductServices\1.Host\DuckSales.Hosts.ProductWorker\DuckSales.Hosts.ProductWorker.csproj", "{2754BDCB-2AB4-475E-87C3-9B4BF000752D}"
EndProject
Project("{2150E333-8FDC-42A3-9474-1A3956D46DE8}") = "2.Application", "2.Application", "{D4B0F4AD-6D89-4080-8CC6-8A8F80AAE4EE}"
EndProject
Project("{FAE04EC0-301F-11D3-BF4B-00C04F79EFBC}") = "DuckSales.Application.CommandHandlers", "src\ProductServices\2.Application\DuckSales.Application.CommandHandlers\DuckSales.Application.CommandHandlers.csproj", "{E18334C8-CDA8-45B7-A6B8-B1C89B2500DA}"
EndProject
Project("{FAE04EC0-301F-11D3-BF4B-00C04F79EFBC}") = "DuckSales.Application.Commands", "src\ProductServices\2.Application\DuckSales.Application.Commands\DuckSales.Application.Commands.csproj", "{2F5007C4-0088-4015-BA32-61D03A26C48C}"
EndProject
Project("{FAE04EC0-301F-11D3-BF4B-00C04F79EFBC}") = "DuckSales.Application.Queries", "src\ProductServices\2.Application\DuckSales.Application.Queries\DuckSales.Application.Queries.csproj", "{598D12C5-E45C-4BB4-854C-E857A408436B}"
EndProject
Project("{FAE04EC0-301F-11D3-BF4B-00C04F79EFBC}") = "DuckSales.Application.QueryHandlers", "src\ProductServices\2.Application\DuckSales.Application.QueryHandlers\DuckSales.Application.QueryHandlers.csproj", "{E55065CF-0401-4467-8FC3-C9AF63928F31}"
EndProject
Project("{2150E333-8FDC-42A3-9474-1A3956D46DE8}") = "3.Domain", "3.Domain", "{936CCFB4-4760-4A55-A984-2B6DE71FFC80}"
EndProject
Project("{FAE04EC0-301F-11D3-BF4B-00C04F79EFBC}") = "DuckSales.Domains.Products", "src\ProductServices\3.Domain\DuckSales.Domains.Products\DuckSales.Domains.Products.csproj", "{019074C6-67FF-471B-8BED-10761EE842A7}"
EndProject
Project("{2150E333-8FDC-42A3-9474-1A3956D46DE8}") = "4.Infra", "4.Infra", "{E9F95C09-335A-4D99-A63F-F92AF22D3E28}"
EndProject
Project("{FAE04EC0-301F-11D3-BF4B-00C04F79EFBC}") = "DuckSales.Infra.ProductsDataBase", "src\ProductServices\4.Infra\DuckSales.Infra.ProductsDataBase\DuckSales.Infra.ProductsDataBase.csproj", "{C1A20B2D-207A-4B2C-A8D8-D45BA99D253D}"
EndProject
Project("{2150E333-8FDC-42A3-9474-1A3956D46DE8}") = "tests", "tests", "{5D289611-4818-4EE9-A4E2-3D27D641B847}"
EndProject
Project("{2150E333-8FDC-42A3-9474-1A3956D46DE8}") = "ProductServicesTests", "ProductServicesTests", "{BD80EC4B-E98C-4CC2-9106-4C45115AFBB8}"
EndProject
Project("{2150E333-8FDC-42A3-9474-1A3956D46DE8}") = "0.SeedWork", "0.SeedWork", "{44E1C1F5-91FB-4D4A-B0A1-50BD6EC98A7C}"
EndProject
Project("{FAE04EC0-301F-11D3-BF4B-00C04F79EFBC}") = "DuckSales.Tests.SeedWork", "tests\ProductServicesTests\0.SeedWork\DuckSales.Tests.SeedWork\DuckSales.Tests.SeedWork.csproj", "{2FA9EF30-0D66-4891-91A4-E01EEC4F3068}"
EndProject
Project("{2150E333-8FDC-42A3-9474-1A3956D46DE8}") = "1.UnitTests", "1.UnitTests", "{D4EA9170-BD65-44C4-B9B8-65BBEF2CC672}"
EndProject
Project("{2150E333-8FDC-42A3-9474-1A3956D46DE8}") = "1.Host", "1.Host", "{F70CC26E-4EA8-4754-B075-0726DD336EB1}"
EndProject
Project("{FAE04EC0-301F-11D3-BF4B-00C04F79EFBC}") = "DuckSales.Hosts.ProductWorkerTests", "tests\ProductServicesTests\1.UnitTests\1.Host\DuckSales.Hosts.ProductWorkerTests\DuckSales.Hosts.ProductWorkerTests.csproj", "{B6449775-B8AB-4A5A-94A2-95182E5BDBC0}"
EndProject
Project("{2150E333-8FDC-42A3-9474-1A3956D46DE8}") = "2.Application", "2.Application", "{E8649E16-657E-4072-B814-CBB4F34242FD}"
EndProject
Project("{FAE04EC0-301F-11D3-BF4B-00C04F79EFBC}") = "DuckSales.Application.CommandsTests", "tests\ProductServicesTests\1.UnitTests\2.Application\DuckSales.Application.CommandsTests\DuckSales.Application.CommandsTests.csproj", "{0BF29A40-1CFF-4D58-978B-B359D19856E3}"
EndProject
Project("{FAE04EC0-301F-11D3-BF4B-00C04F79EFBC}") = "DuckSales.Application.QueriesTests", "tests\ProductServicesTests\1.UnitTests\2.Application\DuckSales.Application.QueriesTests\DuckSales.Application.QueriesTests.csproj", "{BE31C8BD-B455-49DE-BEE0-3C8BD94040E4}"
EndProject
Project("{2150E333-8FDC-42A3-9474-1A3956D46DE8}") = "3.Domain", "3.Domain", "{C4A816D3-5459-4AA1-A631-75817ECA3F0D}"
EndProject
Project("{FAE04EC0-301F-11D3-BF4B-00C04F79EFBC}") = "DuckSales.Domains.ProductsTests", "tests\ProductServicesTests\1.UnitTests\3.Domain\DuckSales.Domains.ProductsTests\DuckSales.Domains.ProductsTests.csproj", "{104B402F-B4FC-4E39-BFC9-9FED8FCBB97F}"
EndProject
Project("{2150E333-8FDC-42A3-9474-1A3956D46DE8}") = "2.IntegrationTests", "2.IntegrationTests", "{8AEBF9D8-B82A-4061-82B8-542C97C2B877}"
EndProject
Project("{2150E333-8FDC-42A3-9474-1A3956D46DE8}") = "4.Infra", "4.Infra", "{B37CB3C7-50F0-484F-9B9A-1CE02262284D}"
EndProject
Project("{FAE04EC0-301F-11D3-BF4B-00C04F79EFBC}") = "DuckSales.Infra.ProductsDataBaseTests", "tests\ProductServicesTests\2.IntegrationTests\4.Infra\DuckSales.Infra.ProductsDataBaseTests\DuckSales.Infra.ProductsDataBaseTests.csproj", "{E6944742-67ED-4BC1-A88C-83F34AAA4018}"
EndProject
Global
	GlobalSection(SolutionConfigurationPlatforms) = preSolution
		Debug|Any CPU = Debug|Any CPU
		Release|Any CPU = Release|Any CPU
	EndGlobalSection
	GlobalSection(SolutionProperties) = preSolution
		HideSolutionNode = FALSE
	EndGlobalSection
	GlobalSection(ProjectConfigurationPlatforms) = postSolution
		{2754BDCB-2AB4-475E-87C3-9B4BF000752D}.Debug|Any CPU.ActiveCfg = Debug|Any CPU
		{2754BDCB-2AB4-475E-87C3-9B4BF000752D}.Debug|Any CPU.Build.0 = Debug|Any CPU
		{2754BDCB-2AB4-475E-87C3-9B4BF000752D}.Release|Any CPU.ActiveCfg = Release|Any CPU
		{2754BDCB-2AB4-475E-87C3-9B4BF000752D}.Release|Any CPU.Build.0 = Release|Any CPU
		{E18334C8-CDA8-45B7-A6B8-B1C89B2500DA}.Debug|Any CPU.ActiveCfg = Debug|Any CPU
		{E18334C8-CDA8-45B7-A6B8-B1C89B2500DA}.Debug|Any CPU.Build.0 = Debug|Any CPU
		{E18334C8-CDA8-45B7-A6B8-B1C89B2500DA}.Release|Any CPU.ActiveCfg = Release|Any CPU
		{E18334C8-CDA8-45B7-A6B8-B1C89B2500DA}.Release|Any CPU.Build.0 = Release|Any CPU
		{2F5007C4-0088-4015-BA32-61D03A26C48C}.Debug|Any CPU.ActiveCfg = Debug|Any CPU
		{2F5007C4-0088-4015-BA32-61D03A26C48C}.Debug|Any CPU.Build.0 = Debug|Any CPU
		{2F5007C4-0088-4015-BA32-61D03A26C48C}.Release|Any CPU.ActiveCfg = Release|Any CPU
		{2F5007C4-0088-4015-BA32-61D03A26C48C}.Release|Any CPU.Build.0 = Release|Any CPU
		{598D12C5-E45C-4BB4-854C-E857A408436B}.Debug|Any CPU.ActiveCfg = Debug|Any CPU
		{598D12C5-E45C-4BB4-854C-E857A408436B}.Debug|Any CPU.Build.0 = Debug|Any CPU
		{598D12C5-E45C-4BB4-854C-E857A408436B}.Release|Any CPU.ActiveCfg = Release|Any CPU
		{598D12C5-E45C-4BB4-854C-E857A408436B}.Release|Any CPU.Build.0 = Release|Any CPU
		{E55065CF-0401-4467-8FC3-C9AF63928F31}.Debug|Any CPU.ActiveCfg = Debug|Any CPU
		{E55065CF-0401-4467-8FC3-C9AF63928F31}.Debug|Any CPU.Build.0 = Debug|Any CPU
		{E55065CF-0401-4467-8FC3-C9AF63928F31}.Release|Any CPU.ActiveCfg = Release|Any CPU
		{E55065CF-0401-4467-8FC3-C9AF63928F31}.Release|Any CPU.Build.0 = Release|Any CPU
		{019074C6-67FF-471B-8BED-10761EE842A7}.Debug|Any CPU.ActiveCfg = Debug|Any CPU
		{019074C6-67FF-471B-8BED-10761EE842A7}.Debug|Any CPU.Build.0 = Debug|Any CPU
		{019074C6-67FF-471B-8BED-10761EE842A7}.Release|Any CPU.ActiveCfg = Release|Any CPU
		{019074C6-67FF-471B-8BED-10761EE842A7}.Release|Any CPU.Build.0 = Release|Any CPU
		{C1A20B2D-207A-4B2C-A8D8-D45BA99D253D}.Debug|Any CPU.ActiveCfg = Debug|Any CPU
		{C1A20B2D-207A-4B2C-A8D8-D45BA99D253D}.Debug|Any CPU.Build.0 = Debug|Any CPU
		{C1A20B2D-207A-4B2C-A8D8-D45BA99D253D}.Release|Any CPU.ActiveCfg = Release|Any CPU
		{C1A20B2D-207A-4B2C-A8D8-D45BA99D253D}.Release|Any CPU.Build.0 = Release|Any CPU
		{2FA9EF30-0D66-4891-91A4-E01EEC4F3068}.Debug|Any CPU.ActiveCfg = Debug|Any CPU
		{2FA9EF30-0D66-4891-91A4-E01EEC4F3068}.Debug|Any CPU.Build.0 = Debug|Any CPU
		{2FA9EF30-0D66-4891-91A4-E01EEC4F3068}.Release|Any CPU.ActiveCfg = Release|Any CPU
		{2FA9EF30-0D66-4891-91A4-E01EEC4F3068}.Release|Any CPU.Build.0 = Release|Any CPU
		{B6449775-B8AB-4A5A-94A2-95182E5BDBC0}.Debug|Any CPU.ActiveCfg = Debug|Any CPU
		{B6449775-B8AB-4A5A-94A2-95182E5BDBC0}.Debug|Any CPU.Build.0 = Debug|Any CPU
		{B6449775-B8AB-4A5A-94A2-95182E5BDBC0}.Release|Any CPU.ActiveCfg = Release|Any CPU
		{B6449775-B8AB-4A5A-94A2-95182E5BDBC0}.Release|Any CPU.Build.0 = Release|Any CPU
		{0BF29A40-1CFF-4D58-978B-B359D19856E3}.Debug|Any CPU.ActiveCfg = Debug|Any CPU
		{0BF29A40-1CFF-4D58-978B-B359D19856E3}.Debug|Any CPU.Build.0 = Debug|Any CPU
		{0BF29A40-1CFF-4D58-978B-B359D19856E3}.Release|Any CPU.ActiveCfg = Release|Any CPU
		{0BF29A40-1CFF-4D58-978B-B359D19856E3}.Release|Any CPU.Build.0 = Release|Any CPU
		{BE31C8BD-B455-49DE-BEE0-3C8BD94040E4}.Debug|Any CPU.ActiveCfg = Debug|Any CPU
		{BE31C8BD-B455-49DE-BEE0-3C8BD94040E4}.Debug|Any CPU.Build.0 = Debug|Any CPU
		{BE31C8BD-B455-49DE-BEE0-3C8BD94040E4}.Release|Any CPU.ActiveCfg = Release|Any CPU
		{BE31C8BD-B455-49DE-BEE0-3C8BD94040E4}.Release|Any CPU.Build.0 = Release|Any CPU
		{104B402F-B4FC-4E39-BFC9-9FED8FCBB97F}.Debug|Any CPU.ActiveCfg = Debug|Any CPU
		{104B402F-B4FC-4E39-BFC9-9FED8FCBB97F}.Debug|Any CPU.Build.0 = Debug|Any CPU
		{104B402F-B4FC-4E39-BFC9-9FED8FCBB97F}.Release|Any CPU.ActiveCfg = Release|Any CPU
		{104B402F-B4FC-4E39-BFC9-9FED8FCBB97F}.Release|Any CPU.Build.0 = Release|Any CPU
		{E6944742-67ED-4BC1-A88C-83F34AAA4018}.Debug|Any CPU.ActiveCfg = Debug|Any CPU
		{E6944742-67ED-4BC1-A88C-83F34AAA4018}.Debug|Any CPU.Build.0 = Debug|Any CPU
		{E6944742-67ED-4BC1-A88C-83F34AAA4018}.Release|Any CPU.ActiveCfg = Release|Any CPU
		{E6944742-67ED-4BC1-A88C-83F34AAA4018}.Release|Any CPU.Build.0 = Release|Any CPU
	EndGlobalSection
	GlobalSection(NestedProjects) = preSolution
		{D75AC7ED-DEBF-4D71-AF18-A1D43305BBBB} = {C7900CCE-5278-460C-8E6B-5619AD29975C}
		{2D131445-0E3C-48D5-9709-D8DF37CD66DA} = {D75AC7ED-DEBF-4D71-AF18-A1D43305BBBB}
		{2754BDCB-2AB4-475E-87C3-9B4BF000752D} = {2D131445-0E3C-48D5-9709-D8DF37CD66DA}
		{D4B0F4AD-6D89-4080-8CC6-8A8F80AAE4EE} = {D75AC7ED-DEBF-4D71-AF18-A1D43305BBBB}
		{E18334C8-CDA8-45B7-A6B8-B1C89B2500DA} = {D4B0F4AD-6D89-4080-8CC6-8A8F80AAE4EE}
		{2F5007C4-0088-4015-BA32-61D03A26C48C} = {D4B0F4AD-6D89-4080-8CC6-8A8F80AAE4EE}
		{598D12C5-E45C-4BB4-854C-E857A408436B} = {D4B0F4AD-6D89-4080-8CC6-8A8F80AAE4EE}
		{E55065CF-0401-4467-8FC3-C9AF63928F31} = {D4B0F4AD-6D89-4080-8CC6-8A8F80AAE4EE}
		{936CCFB4-4760-4A55-A984-2B6DE71FFC80} = {D75AC7ED-DEBF-4D71-AF18-A1D43305BBBB}
		{019074C6-67FF-471B-8BED-10761EE842A7} = {936CCFB4-4760-4A55-A984-2B6DE71FFC80}
		{E9F95C09-335A-4D99-A63F-F92AF22D3E28} = {D75AC7ED-DEBF-4D71-AF18-A1D43305BBBB}
		{C1A20B2D-207A-4B2C-A8D8-D45BA99D253D} = {E9F95C09-335A-4D99-A63F-F92AF22D3E28}
		{BD80EC4B-E98C-4CC2-9106-4C45115AFBB8} = {5D289611-4818-4EE9-A4E2-3D27D641B847}
		{44E1C1F5-91FB-4D4A-B0A1-50BD6EC98A7C} = {BD80EC4B-E98C-4CC2-9106-4C45115AFBB8}
		{2FA9EF30-0D66-4891-91A4-E01EEC4F3068} = {44E1C1F5-91FB-4D4A-B0A1-50BD6EC98A7C}
		{D4EA9170-BD65-44C4-B9B8-65BBEF2CC672} = {BD80EC4B-E98C-4CC2-9106-4C45115AFBB8}
		{F70CC26E-4EA8-4754-B075-0726DD336EB1} = {D4EA9170-BD65-44C4-B9B8-65BBEF2CC672}
		{B6449775-B8AB-4A5A-94A2-95182E5BDBC0} = {F70CC26E-4EA8-4754-B075-0726DD336EB1}
		{E8649E16-657E-4072-B814-CBB4F34242FD} = {D4EA9170-BD65-44C4-B9B8-65BBEF2CC672}
		{0BF29A40-1CFF-4D58-978B-B359D19856E3} = {E8649E16-657E-4072-B814-CBB4F34242FD}
		{BE31C8BD-B455-49DE-BEE0-3C8BD94040E4} = {E8649E16-657E-4072-B814-CBB4F34242FD}
		{C4A816D3-5459-4AA1-A631-75817ECA3F0D} = {D4EA9170-BD65-44C4-B9B8-65BBEF2CC672}
		{104B402F-B4FC-4E39-BFC9-9FED8FCBB97F} = {C4A816D3-5459-4AA1-A631-75817ECA3F0D}
		{8AEBF9D8-B82A-4061-82B8-542C97C2B877} = {BD80EC4B-E98C-4CC2-9106-4C45115AFBB8}
		{B37CB3C7-50F0-484F-9B9A-1CE02262284D} = {8AEBF9D8-B82A-4061-82B8-542C97C2B877}
		{E6944742-67ED-4BC1-A88C-83F34AAA4018} = {B37CB3C7-50F0-484F-9B9A-1CE02262284D}
	EndGlobalSection
EndGlobal
