
Microsoft Visual Studio Solution File, Format Version 12.00
# Visual Studio Version 16
VisualStudioVersion = 16.0.30114.105
MinimumVisualStudioVersion = 10.0.40219.1
Project("{2150E333-8FDC-42A3-9474-1A3956D46DE8}") = "src", "src", "{4A0B1259-BE04-4463-900A-45CCE5C924B6}"
EndProject
Project("{2150E333-8FDC-42A3-9474-1A3956D46DE8}") = "Producer", "Producer", "{354EB942-9D44-4482-BCF7-0D7DB57BA5DA}"
EndProject
Project("{2150E333-8FDC-42A3-9474-1A3956D46DE8}") = "1.Host", "1.Host", "{C4D3DE5F-74A1-4B08-9FF2-E1E6EE7FA3A1}"
EndProject
Project("{FAE04EC0-301F-11D3-BF4B-00C04F79EFBC}") = "DuckSales.Hosts.ProductWorker", "src\Producer\1.Host\DuckSales.Hosts.ProductWorker\DuckSales.Hosts.ProductWorker.csproj", "{47EDCDB1-DBC9-4A00-80E3-24BF4AF4F24B}"
EndProject
Project("{2150E333-8FDC-42A3-9474-1A3956D46DE8}") = "tests", "tests", "{01817B36-FF5B-48C6-B57E-55E50FF8C16C}"
EndProject
Project("{2150E333-8FDC-42A3-9474-1A3956D46DE8}") = "ProducerTests", "ProducerTests", "{68337294-05E4-4872-B643-4364537FB85B}"
EndProject
Project("{2150E333-8FDC-42A3-9474-1A3956D46DE8}") = "1.Host", "1.Host", "{C8B53A6F-CB5A-4A38-8453-57DC9A763378}"
EndProject
Project("{FAE04EC0-301F-11D3-BF4B-00C04F79EFBC}") = "DuckSales.Hosts.ProductWorkerTests", "tests\ProducerTests\1.Host\DuckSales.Hosts.ProductWorkerTests\DuckSales.Hosts.ProductWorkerTests.csproj", "{2EBF55CA-93F0-4925-95AF-2451FAE6C1BD}"
EndProject
Project("{2150E333-8FDC-42A3-9474-1A3956D46DE8}") = "3.Domain", "3.Domain", "{ED9EBD49-026F-4330-AEEC-E557954C762B}"
EndProject
Project("{FAE04EC0-301F-11D3-BF4B-00C04F79EFBC}") = "DuckSales.Domains.Products", "src\Producer\3.Domain\DuckSales.Domains.Products\DuckSales.Domains.Products.csproj", "{0F46556D-B5DF-47CA-AAD8-5AA8CFBEDADC}"
EndProject
Project("{2150E333-8FDC-42A3-9474-1A3956D46DE8}") = "4.Infra", "4.Infra", "{CD2AB20D-0A42-4D78-954C-98D655EE0286}"
EndProject
Project("{FAE04EC0-301F-11D3-BF4B-00C04F79EFBC}") = "DuckSales.Infra.ProductsDataBase", "src\Producer\4.Infra\DuckSales.Infra.ProductsDataBase\DuckSales.Infra.ProductsDataBase.csproj", "{C7D1310F-09C9-4E62-94FE-4048B120E5B9}"
EndProject
Project("{2150E333-8FDC-42A3-9474-1A3956D46DE8}") = "3.Domain", "3.Domain", "{E0CDBB27-7C06-44C0-8A79-7DB6BFFD3405}"
EndProject
Project("{FAE04EC0-301F-11D3-BF4B-00C04F79EFBC}") = "DuckSales.Domains.ProductsTests", "tests\ProducerTests\3.Domain\DuckSales.Domains.ProductsTests\DuckSales.Domains.ProductsTests.csproj", "{F3A58C27-A694-468F-9289-BBBA33D4F998}"
EndProject
Project("{2150E333-8FDC-42A3-9474-1A3956D46DE8}") = "4.Infra", "4.Infra", "{41065999-8311-49D3-A353-D63E3C40974B}"
EndProject
Project("{FAE04EC0-301F-11D3-BF4B-00C04F79EFBC}") = "DuckSales.Infra.ProductsDataBaseTests", "tests\ProducerTests\4.Infra\DuckSales.Infra.ProductsDataBaseTests\DuckSales.Infra.ProductsDataBaseTests.csproj", "{4545900A-CE42-42DB-B4AA-BF6C898D5561}"
EndProject
Project("{2150E333-8FDC-42A3-9474-1A3956D46DE8}") = "2.Application", "2.Application", "{A206BD72-7CC9-42F9-88DD-7A683D116F01}"
EndProject
Project("{FAE04EC0-301F-11D3-BF4B-00C04F79EFBC}") = "DuckSales.Application.Commands", "src\Producer\2.Application\DuckSales.Application.Commands\DuckSales.Application.Commands.csproj", "{C39D20F4-147D-4E4B-AD25-56E130A12CDA}"
EndProject
Project("{FAE04EC0-301F-11D3-BF4B-00C04F79EFBC}") = "DuckSales.Application.Queries", "src\Producer\2.Application\DuckSales.Application.Queries\DuckSales.Application.Queries.csproj", "{18150312-3F47-4366-9A3F-C5AE7F0B55AF}"
EndProject
Project("{2150E333-8FDC-42A3-9474-1A3956D46DE8}") = "2.Application", "2.Application", "{E1ABED42-760B-4FBC-BA3B-BDA0F94404D3}"
EndProject
Project("{FAE04EC0-301F-11D3-BF4B-00C04F79EFBC}") = "DuckSales.Application.CommandsTests", "tests\ProducerTests\2.Application\DuckSales.Application.CommandsTests\DuckSales.Application.CommandsTests.csproj", "{14BD3720-D0A8-4761-A7EC-30565004F6D2}"
EndProject
Project("{FAE04EC0-301F-11D3-BF4B-00C04F79EFBC}") = "DuckSales.Application.QueriesTests", "tests\ProducerTests\2.Application\DuckSales.Application.QueriesTests\DuckSales.Application.QueriesTests.csproj", "{4D31A16A-DE6D-45AF-8252-BA66C3D57A2D}"
EndProject
Project("{FAE04EC0-301F-11D3-BF4B-00C04F79EFBC}") = "DuckSales.Application.CommandHandlers", "src\Producer\2.Application\DuckSales.Application.CommandHandlers\DuckSales.Application.CommandHandlers.csproj", "{4FACA145-4036-4C15-B251-A0B0649F200C}"
EndProject
Project("{2150E333-8FDC-42A3-9474-1A3956D46DE8}") = "0.SeedWork", "0.SeedWork", "{40F0D920-E844-49C0-B86A-2C4D6A0CEC29}"
EndProject
Project("{FAE04EC0-301F-11D3-BF4B-00C04F79EFBC}") = "DuckSales.Tests.SeedWork", "tests\ProducerTests\0.SeedWork\DuckSales.Tests.SeedWork\DuckSales.Tests.SeedWork.csproj", "{6D2C1EB7-8CD6-4318-A95A-531559C5E5A9}"
EndProject
Global
	GlobalSection(SolutionConfigurationPlatforms) = preSolution
		Debug|Any CPU = Debug|Any CPU
		Release|Any CPU = Release|Any CPU
	EndGlobalSection
	GlobalSection(SolutionProperties) = preSolution
		HideSolutionNode = FALSE
	EndGlobalSection
	GlobalSection(ProjectConfigurationPlatforms) = postSolution
		{47EDCDB1-DBC9-4A00-80E3-24BF4AF4F24B}.Debug|Any CPU.ActiveCfg = Debug|Any CPU
		{47EDCDB1-DBC9-4A00-80E3-24BF4AF4F24B}.Debug|Any CPU.Build.0 = Debug|Any CPU
		{47EDCDB1-DBC9-4A00-80E3-24BF4AF4F24B}.Release|Any CPU.ActiveCfg = Release|Any CPU
		{47EDCDB1-DBC9-4A00-80E3-24BF4AF4F24B}.Release|Any CPU.Build.0 = Release|Any CPU
		{2EBF55CA-93F0-4925-95AF-2451FAE6C1BD}.Debug|Any CPU.ActiveCfg = Debug|Any CPU
		{2EBF55CA-93F0-4925-95AF-2451FAE6C1BD}.Debug|Any CPU.Build.0 = Debug|Any CPU
		{2EBF55CA-93F0-4925-95AF-2451FAE6C1BD}.Release|Any CPU.ActiveCfg = Release|Any CPU
		{2EBF55CA-93F0-4925-95AF-2451FAE6C1BD}.Release|Any CPU.Build.0 = Release|Any CPU
		{0F46556D-B5DF-47CA-AAD8-5AA8CFBEDADC}.Debug|Any CPU.ActiveCfg = Debug|Any CPU
		{0F46556D-B5DF-47CA-AAD8-5AA8CFBEDADC}.Debug|Any CPU.Build.0 = Debug|Any CPU
		{0F46556D-B5DF-47CA-AAD8-5AA8CFBEDADC}.Release|Any CPU.ActiveCfg = Release|Any CPU
		{0F46556D-B5DF-47CA-AAD8-5AA8CFBEDADC}.Release|Any CPU.Build.0 = Release|Any CPU
		{C7D1310F-09C9-4E62-94FE-4048B120E5B9}.Debug|Any CPU.ActiveCfg = Debug|Any CPU
		{C7D1310F-09C9-4E62-94FE-4048B120E5B9}.Debug|Any CPU.Build.0 = Debug|Any CPU
		{C7D1310F-09C9-4E62-94FE-4048B120E5B9}.Release|Any CPU.ActiveCfg = Release|Any CPU
		{C7D1310F-09C9-4E62-94FE-4048B120E5B9}.Release|Any CPU.Build.0 = Release|Any CPU
		{F3A58C27-A694-468F-9289-BBBA33D4F998}.Debug|Any CPU.ActiveCfg = Debug|Any CPU
		{F3A58C27-A694-468F-9289-BBBA33D4F998}.Debug|Any CPU.Build.0 = Debug|Any CPU
		{F3A58C27-A694-468F-9289-BBBA33D4F998}.Release|Any CPU.ActiveCfg = Release|Any CPU
		{F3A58C27-A694-468F-9289-BBBA33D4F998}.Release|Any CPU.Build.0 = Release|Any CPU
		{4545900A-CE42-42DB-B4AA-BF6C898D5561}.Debug|Any CPU.ActiveCfg = Debug|Any CPU
		{4545900A-CE42-42DB-B4AA-BF6C898D5561}.Debug|Any CPU.Build.0 = Debug|Any CPU
		{4545900A-CE42-42DB-B4AA-BF6C898D5561}.Release|Any CPU.ActiveCfg = Release|Any CPU
		{4545900A-CE42-42DB-B4AA-BF6C898D5561}.Release|Any CPU.Build.0 = Release|Any CPU
		{C39D20F4-147D-4E4B-AD25-56E130A12CDA}.Debug|Any CPU.ActiveCfg = Debug|Any CPU
		{C39D20F4-147D-4E4B-AD25-56E130A12CDA}.Debug|Any CPU.Build.0 = Debug|Any CPU
		{C39D20F4-147D-4E4B-AD25-56E130A12CDA}.Release|Any CPU.ActiveCfg = Release|Any CPU
		{C39D20F4-147D-4E4B-AD25-56E130A12CDA}.Release|Any CPU.Build.0 = Release|Any CPU
		{18150312-3F47-4366-9A3F-C5AE7F0B55AF}.Debug|Any CPU.ActiveCfg = Debug|Any CPU
		{18150312-3F47-4366-9A3F-C5AE7F0B55AF}.Debug|Any CPU.Build.0 = Debug|Any CPU
		{18150312-3F47-4366-9A3F-C5AE7F0B55AF}.Release|Any CPU.ActiveCfg = Release|Any CPU
		{18150312-3F47-4366-9A3F-C5AE7F0B55AF}.Release|Any CPU.Build.0 = Release|Any CPU
		{14BD3720-D0A8-4761-A7EC-30565004F6D2}.Debug|Any CPU.ActiveCfg = Debug|Any CPU
		{14BD3720-D0A8-4761-A7EC-30565004F6D2}.Debug|Any CPU.Build.0 = Debug|Any CPU
		{14BD3720-D0A8-4761-A7EC-30565004F6D2}.Release|Any CPU.ActiveCfg = Release|Any CPU
		{14BD3720-D0A8-4761-A7EC-30565004F6D2}.Release|Any CPU.Build.0 = Release|Any CPU
		{4D31A16A-DE6D-45AF-8252-BA66C3D57A2D}.Debug|Any CPU.ActiveCfg = Debug|Any CPU
		{4D31A16A-DE6D-45AF-8252-BA66C3D57A2D}.Debug|Any CPU.Build.0 = Debug|Any CPU
		{4D31A16A-DE6D-45AF-8252-BA66C3D57A2D}.Release|Any CPU.ActiveCfg = Release|Any CPU
		{4D31A16A-DE6D-45AF-8252-BA66C3D57A2D}.Release|Any CPU.Build.0 = Release|Any CPU
		{4FACA145-4036-4C15-B251-A0B0649F200C}.Debug|Any CPU.ActiveCfg = Debug|Any CPU
		{4FACA145-4036-4C15-B251-A0B0649F200C}.Debug|Any CPU.Build.0 = Debug|Any CPU
		{4FACA145-4036-4C15-B251-A0B0649F200C}.Release|Any CPU.ActiveCfg = Release|Any CPU
		{4FACA145-4036-4C15-B251-A0B0649F200C}.Release|Any CPU.Build.0 = Release|Any CPU
		{6D2C1EB7-8CD6-4318-A95A-531559C5E5A9}.Debug|Any CPU.ActiveCfg = Debug|Any CPU
		{6D2C1EB7-8CD6-4318-A95A-531559C5E5A9}.Debug|Any CPU.Build.0 = Debug|Any CPU
		{6D2C1EB7-8CD6-4318-A95A-531559C5E5A9}.Release|Any CPU.ActiveCfg = Release|Any CPU
		{6D2C1EB7-8CD6-4318-A95A-531559C5E5A9}.Release|Any CPU.Build.0 = Release|Any CPU
	EndGlobalSection
	GlobalSection(NestedProjects) = preSolution
		{354EB942-9D44-4482-BCF7-0D7DB57BA5DA} = {4A0B1259-BE04-4463-900A-45CCE5C924B6}
		{C4D3DE5F-74A1-4B08-9FF2-E1E6EE7FA3A1} = {354EB942-9D44-4482-BCF7-0D7DB57BA5DA}
		{47EDCDB1-DBC9-4A00-80E3-24BF4AF4F24B} = {C4D3DE5F-74A1-4B08-9FF2-E1E6EE7FA3A1}
		{68337294-05E4-4872-B643-4364537FB85B} = {01817B36-FF5B-48C6-B57E-55E50FF8C16C}
		{C8B53A6F-CB5A-4A38-8453-57DC9A763378} = {68337294-05E4-4872-B643-4364537FB85B}
		{2EBF55CA-93F0-4925-95AF-2451FAE6C1BD} = {C8B53A6F-CB5A-4A38-8453-57DC9A763378}
		{ED9EBD49-026F-4330-AEEC-E557954C762B} = {354EB942-9D44-4482-BCF7-0D7DB57BA5DA}
		{0F46556D-B5DF-47CA-AAD8-5AA8CFBEDADC} = {ED9EBD49-026F-4330-AEEC-E557954C762B}
		{CD2AB20D-0A42-4D78-954C-98D655EE0286} = {354EB942-9D44-4482-BCF7-0D7DB57BA5DA}
		{C7D1310F-09C9-4E62-94FE-4048B120E5B9} = {CD2AB20D-0A42-4D78-954C-98D655EE0286}
		{E0CDBB27-7C06-44C0-8A79-7DB6BFFD3405} = {68337294-05E4-4872-B643-4364537FB85B}
		{F3A58C27-A694-468F-9289-BBBA33D4F998} = {E0CDBB27-7C06-44C0-8A79-7DB6BFFD3405}
		{41065999-8311-49D3-A353-D63E3C40974B} = {68337294-05E4-4872-B643-4364537FB85B}
		{4545900A-CE42-42DB-B4AA-BF6C898D5561} = {41065999-8311-49D3-A353-D63E3C40974B}
		{A206BD72-7CC9-42F9-88DD-7A683D116F01} = {354EB942-9D44-4482-BCF7-0D7DB57BA5DA}
		{C39D20F4-147D-4E4B-AD25-56E130A12CDA} = {A206BD72-7CC9-42F9-88DD-7A683D116F01}
		{18150312-3F47-4366-9A3F-C5AE7F0B55AF} = {A206BD72-7CC9-42F9-88DD-7A683D116F01}
		{E1ABED42-760B-4FBC-BA3B-BDA0F94404D3} = {68337294-05E4-4872-B643-4364537FB85B}
		{14BD3720-D0A8-4761-A7EC-30565004F6D2} = {E1ABED42-760B-4FBC-BA3B-BDA0F94404D3}
		{4D31A16A-DE6D-45AF-8252-BA66C3D57A2D} = {E1ABED42-760B-4FBC-BA3B-BDA0F94404D3}
		{4FACA145-4036-4C15-B251-A0B0649F200C} = {A206BD72-7CC9-42F9-88DD-7A683D116F01}
		{40F0D920-E844-49C0-B86A-2C4D6A0CEC29} = {68337294-05E4-4872-B643-4364537FB85B}
		{6D2C1EB7-8CD6-4318-A95A-531559C5E5A9} = {40F0D920-E844-49C0-B86A-2C4D6A0CEC29}
	EndGlobalSection
EndGlobal
